
Microsoft Visual Studio Solution File, Format Version 12.00
# Visual Studio Version 17
VisualStudioVersion = 17.6.33717.318
MinimumVisualStudioVersion = 10.0.40219.1
Project("{FAE04EC0-301F-11D3-BF4B-00C04F79EFBC}") = "Core.Database", "Core.Database\Core.Database.csproj", "{E64E335B-A54E-4D58-AC47-2607574FC15D}"
EndProject
Project("{FAE04EC0-301F-11D3-BF4B-00C04F79EFBC}") = "Core.WebApi", "Core.WebApi\Core.WebApi.csproj", "{817CB853-6D04-4DC8-81BD-D64943989C66}"
EndProject
Project("{FAE04EC0-301F-11D3-BF4B-00C04F79EFBC}") = "Core.Shared", "Core.Shared\Core.Shared.csproj", "{E65F4E6B-83F2-465A-A891-F4639394B5EE}"
EndProject
Global
	GlobalSection(SolutionConfigurationPlatforms) = preSolution
		Debug|Any CPU = Debug|Any CPU
		Release|Any CPU = Release|Any CPU
	EndGlobalSection
	GlobalSection(ProjectConfigurationPlatforms) = postSolution
		{E64E335B-A54E-4D58-AC47-2607574FC15D}.Debug|Any CPU.ActiveCfg = Debug|Any CPU
		{E64E335B-A54E-4D58-AC47-2607574FC15D}.Debug|Any CPU.Build.0 = Debug|Any CPU
		{E64E335B-A54E-4D58-AC47-2607574FC15D}.Release|Any CPU.ActiveCfg = Release|Any CPU
		{E64E335B-A54E-4D58-AC47-2607574FC15D}.Release|Any CPU.Build.0 = Release|Any CPU
		{817CB853-6D04-4DC8-81BD-D64943989C66}.Debug|Any CPU.ActiveCfg = Debug|Any CPU
		{817CB853-6D04-4DC8-81BD-D64943989C66}.Debug|Any CPU.Build.0 = Debug|Any CPU
		{817CB853-6D04-4DC8-81BD-D64943989C66}.Release|Any CPU.ActiveCfg = Release|Any CPU
		{817CB853-6D04-4DC8-81BD-D64943989C66}.Release|Any CPU.Build.0 = Release|Any CPU
		{E65F4E6B-83F2-465A-A891-F4639394B5EE}.Debug|Any CPU.ActiveCfg = Debug|Any CPU
		{E65F4E6B-83F2-465A-A891-F4639394B5EE}.Debug|Any CPU.Build.0 = Debug|Any CPU
		{E65F4E6B-83F2-465A-A891-F4639394B5EE}.Release|Any CPU.ActiveCfg = Release|Any CPU
		{E65F4E6B-83F2-465A-A891-F4639394B5EE}.Release|Any CPU.Build.0 = Release|Any CPU
	EndGlobalSection
	GlobalSection(SolutionProperties) = preSolution
		HideSolutionNode = FALSE
	EndGlobalSection
	GlobalSection(ExtensibilityGlobals) = postSolution
		SolutionGuid = {E7CE94D4-2549-4592-80BB-FA2F7C531746}
	EndGlobalSection
EndGlobal
